
Microsoft Visual Studio Solution File, Format Version 12.00
# Visual Studio Version 17
VisualStudioVersion = 17.7.34202.233
MinimumVisualStudioVersion = 10.0.40219.1
Project("{FAE04EC0-301F-11D3-BF4B-00C04F79EFBC}") = "ManageCategoriesApp", "ManageCategoriesApp\ManageCategoriesApp.csproj", "{461F2DF4-1E85-40E4-86A8-A334551F9AA8}"
EndProject
Global
	GlobalSection(SolutionConfigurationPlatforms) = preSolution
		Debug|Any CPU = Debug|Any CPU
		Release|Any CPU = Release|Any CPU
	EndGlobalSection
	GlobalSection(ProjectConfigurationPlatforms) = postSolution
		{461F2DF4-1E85-40E4-86A8-A334551F9AA8}.Debug|Any CPU.ActiveCfg = Debug|Any CPU
		{461F2DF4-1E85-40E4-86A8-A334551F9AA8}.Debug|Any CPU.Build.0 = Debug|Any CPU
		{461F2DF4-1E85-40E4-86A8-A334551F9AA8}.Release|Any CPU.ActiveCfg = Release|Any CPU
		{461F2DF4-1E85-40E4-86A8-A334551F9AA8}.Release|Any CPU.Build.0 = Release|Any CPU
	EndGlobalSection
	GlobalSection(SolutionProperties) = preSolution
		HideSolutionNode = FALSE
	EndGlobalSection
	GlobalSection(ExtensibilityGlobals) = postSolution
		SolutionGuid = {C2CE6C70-D6CB-47A5-AA6D-5C5886756BFB}
	EndGlobalSection
EndGlobal
